
Microsoft Visual Studio Solution File, Format Version 12.00
# Visual Studio 14
VisualStudioVersion = 14.0.24720.0
MinimumVisualStudioVersion = 10.0.40219.1
Project("{FAE04EC0-301F-11D3-BF4B-00C04F79EFBC}") = "StreamProject", "StreamProject\StreamProject.csproj", "{C13FAC6C-F570-459A-8400-C9FBE07647F3}"
EndProject
Project("{FAE04EC0-301F-11D3-BF4B-00C04F79EFBC}") = "FileProperties", "FileProperties\FileProperties.csproj", "{15256A3B-F06E-4763-8BB0-79444F6DFC2C}"
EndProject
Global
	GlobalSection(SolutionConfigurationPlatforms) = preSolution
		Debug|Any CPU = Debug|Any CPU
		Release|Any CPU = Release|Any CPU
	EndGlobalSection
	GlobalSection(ProjectConfigurationPlatforms) = postSolution
		{C13FAC6C-F570-459A-8400-C9FBE07647F3}.Debug|Any CPU.ActiveCfg = Debug|Any CPU
		{C13FAC6C-F570-459A-8400-C9FBE07647F3}.Debug|Any CPU.Build.0 = Debug|Any CPU
		{C13FAC6C-F570-459A-8400-C9FBE07647F3}.Release|Any CPU.ActiveCfg = Release|Any CPU
		{C13FAC6C-F570-459A-8400-C9FBE07647F3}.Release|Any CPU.Build.0 = Release|Any CPU
		{15256A3B-F06E-4763-8BB0-79444F6DFC2C}.Debug|Any CPU.ActiveCfg = Debug|Any CPU
		{15256A3B-F06E-4763-8BB0-79444F6DFC2C}.Debug|Any CPU.Build.0 = Debug|Any CPU
		{15256A3B-F06E-4763-8BB0-79444F6DFC2C}.Release|Any CPU.ActiveCfg = Release|Any CPU
		{15256A3B-F06E-4763-8BB0-79444F6DFC2C}.Release|Any CPU.Build.0 = Release|Any CPU
	EndGlobalSection
	GlobalSection(SolutionProperties) = preSolution
		HideSolutionNode = FALSE
	EndGlobalSection
EndGlobal
